
Microsoft Visual Studio Solution File, Format Version 12.00
# Visual Studio Version 16
VisualStudioVersion = 16.0.29728.190
MinimumVisualStudioVersion = 10.0.40219.1
Project("{FAE04EC0-301F-11D3-BF4B-00C04F79EFBC}") = "Seed Shortage (JA)", "Seed Shortage (JA).csproj", "{1325351F-DA1D-4A4A-9D9B-8004A9F37A2C}"
EndProject
Global
	GlobalSection(SolutionConfigurationPlatforms) = preSolution
		Debug|Any CPU = Debug|Any CPU
		Release|Any CPU = Release|Any CPU
	EndGlobalSection
	GlobalSection(ProjectConfigurationPlatforms) = postSolution
		{1325351F-DA1D-4A4A-9D9B-8004A9F37A2C}.Debug|Any CPU.ActiveCfg = Debug|Any CPU
		{1325351F-DA1D-4A4A-9D9B-8004A9F37A2C}.Debug|Any CPU.Build.0 = Debug|Any CPU
		{1325351F-DA1D-4A4A-9D9B-8004A9F37A2C}.Release|Any CPU.ActiveCfg = Release|Any CPU
		{1325351F-DA1D-4A4A-9D9B-8004A9F37A2C}.Release|Any CPU.Build.0 = Release|Any CPU
	EndGlobalSection
	GlobalSection(SolutionProperties) = preSolution
		HideSolutionNode = FALSE
	EndGlobalSection
	GlobalSection(ExtensibilityGlobals) = postSolution
		SolutionGuid = {8A11D81B-2414-45C6-9645-12A650E2E278}
	EndGlobalSection
EndGlobal
